
Microsoft Visual Studio Solution File, Format Version 12.00
# Visual Studio 15
VisualStudioVersion = 15.0.26403.3
MinimumVisualStudioVersion = 10.0.40219.1
Project("{8BC9CEB8-8B4A-11D0-8D11-00A0C91BC942}") = "MC2", "..\..\..\MC2\MC2.vcxproj", "{E922D127-11AC-4041-90AE-12B89CF8AA49}"
	ProjectSection(ProjectDependencies) = postProject
		{664E6F0D-6784-4760-9565-D54F8EB1EDF4} = {664E6F0D-6784-4760-9565-D54F8EB1EDF4}
		{D6973076-9317-4EF2-A0B8-B7A18AC0713E} = {D6973076-9317-4EF2-A0B8-B7A18AC0713E}
		{78B079BD-9FC7-4B9E-B4A6-96DA0F00248B} = {78B079BD-9FC7-4B9E-B4A6-96DA0F00248B}
	EndProjectSection
EndProject
Project("{8BC9CEB8-8B4A-11D0-8D11-00A0C91BC942}") = "API", "..\..\..\MC2\API\API.vcxproj", "{2D75DC12-5BFA-4D07-A843-AC0EFEAEA0D7}"
EndProject
Project("{8BC9CEB8-8B4A-11D0-8D11-00A0C91BC942}") = "API_template", "..\..\..\MC2\API_template\API_template.vcxproj", "{1A0CDCBB-F251-4E0D-BE7A-1464C63CE48C}"
EndProject
Project("{8BC9CEB8-8B4A-11D0-8D11-00A0C91BC942}") = "libpng", "..\..\..\windows\libpng\projects\vstudio\libpng\libpng.vcxproj", "{D6973076-9317-4EF2-A0B8-B7A18AC0713E}"
EndProject
Project("{8BC9CEB8-8B4A-11D0-8D11-00A0C91BC942}") = "zlib", "..\..\..\windows\libpng\projects\vstudio\zlib\zlib.vcxproj", "{60F89955-91C6-3A36-8000-13C592FEC2DF}"
EndProject
Project("{8BC9CEB8-8B4A-11D0-8D11-00A0C91BC942}") = "freetype", "..\..\..\windows\freetype\builds\win32\vc2010\freetype.vcxproj", "{78B079BD-9FC7-4B9E-B4A6-96DA0F00248B}"
EndProject
Project("{8BC9CEB8-8B4A-11D0-8D11-00A0C91BC942}") = "glew_static", "..\..\..\windows\glew\build\vc10\glew_static.vcxproj", "{664E6F0D-6784-4760-9565-D54F8EB1EDF4}"
EndProject
Project("{2150E333-8FDC-42A3-9474-1A3956D46DE8}") = "third_party", "third_party", "{CF006D02-7F78-4D32-9325-BA313DDAFCF5}"
EndProject
Project("{2150E333-8FDC-42A3-9474-1A3956D46DE8}") = "glfw", "glfw", "{ECBF236B-CB9A-4491-9C8F-FB62E1A91EAA}"
EndProject
Global
	GlobalSection(SolutionConfigurationPlatforms) = preSolution
		Debug Library|Win32 = Debug Library|Win32
		Debug Library|x64 = Debug Library|x64
		Debug Multithreaded|Win32 = Debug Multithreaded|Win32
		Debug Multithreaded|x64 = Debug Multithreaded|x64
		Debug MX|Win32 = Debug MX|Win32
		Debug MX|x64 = Debug MX|x64
		Debug Singlethreaded|Win32 = Debug Singlethreaded|Win32
		Debug Singlethreaded|x64 = Debug Singlethreaded|x64
		Debug Static|Win32 = Debug Static|Win32
		Debug Static|x64 = Debug Static|x64
		Debug|Win32 = Debug|Win32
		Debug|x64 = Debug|x64
		DLL Debug|Win32 = DLL Debug|Win32
		DLL Debug|x64 = DLL Debug|x64
		DLL Release|Win32 = DLL Release|Win32
		DLL Release|x64 = DLL Release|x64
		DLL VB|Win32 = DLL VB|Win32
		DLL VB|x64 = DLL VB|x64
		LIB Debug|Win32 = LIB Debug|Win32
		LIB Debug|x64 = LIB Debug|x64
		LIB Release|Win32 = LIB Release|Win32
		LIB Release|x64 = LIB Release|x64
		MinSizeRel|Win32 = MinSizeRel|Win32
		MinSizeRel|x64 = MinSizeRel|x64
		Release Library|Win32 = Release Library|Win32
		Release Library|x64 = Release Library|x64
		Release Multithreaded|Win32 = Release Multithreaded|Win32
		Release Multithreaded|x64 = Release Multithreaded|x64
		Release MX|Win32 = Release MX|Win32
		Release MX|x64 = Release MX|x64
		Release Singlethreaded|Win32 = Release Singlethreaded|Win32
		Release Singlethreaded|x64 = Release Singlethreaded|x64
		Release Static|Win32 = Release Static|Win32
		Release Static|x64 = Release Static|x64
		Release|Win32 = Release|Win32
		Release|x64 = Release|x64
		ReleaseWithoutAsm|Win32 = ReleaseWithoutAsm|Win32
		ReleaseWithoutAsm|x64 = ReleaseWithoutAsm|x64
		RelWithDebInfo|Win32 = RelWithDebInfo|Win32
		RelWithDebInfo|x64 = RelWithDebInfo|x64
	EndGlobalSection
	GlobalSection(ProjectConfigurationPlatforms) = postSolution
		{E922D127-11AC-4041-90AE-12B89CF8AA49}.Debug Library|Win32.ActiveCfg = Debug|Win32
		{E922D127-11AC-4041-90AE-12B89CF8AA49}.Debug Library|Win32.Build.0 = Debug|Win32
		{E922D127-11AC-4041-90AE-12B89CF8AA49}.Debug Library|x64.ActiveCfg = Debug|Win32
		{E922D127-11AC-4041-90AE-12B89CF8AA49}.Debug Multithreaded|Win32.ActiveCfg = Debug Static|Win32
		{E922D127-11AC-4041-90AE-12B89CF8AA49}.Debug Multithreaded|Win32.Build.0 = Debug Static|Win32
		{E922D127-11AC-4041-90AE-12B89CF8AA49}.Debug Multithreaded|x64.ActiveCfg = Debug Static|Win32
		{E922D127-11AC-4041-90AE-12B89CF8AA49}.Debug MX|Win32.ActiveCfg = Debug Static|Win32
		{E922D127-11AC-4041-90AE-12B89CF8AA49}.Debug MX|Win32.Build.0 = Debug Static|Win32
		{E922D127-11AC-4041-90AE-12B89CF8AA49}.Debug MX|x64.ActiveCfg = Debug Static|Win32
		{E922D127-11AC-4041-90AE-12B89CF8AA49}.Debug Singlethreaded|Win32.ActiveCfg = Debug Static|Win32
		{E922D127-11AC-4041-90AE-12B89CF8AA49}.Debug Singlethreaded|Win32.Build.0 = Debug Static|Win32
		{E922D127-11AC-4041-90AE-12B89CF8AA49}.Debug Singlethreaded|x64.ActiveCfg = Debug Static|Win32
		{E922D127-11AC-4041-90AE-12B89CF8AA49}.Debug Static|Win32.ActiveCfg = Debug|Win32
		{E922D127-11AC-4041-90AE-12B89CF8AA49}.Debug Static|Win32.Build.0 = Debug|Win32
		{E922D127-11AC-4041-90AE-12B89CF8AA49}.Debug Static|x64.ActiveCfg = Debug Static|Win32
		{E922D127-11AC-4041-90AE-12B89CF8AA49}.Debug|Win32.ActiveCfg = Debug|Win32
		{E922D127-11AC-4041-90AE-12B89CF8AA49}.Debug|Win32.Build.0 = Debug|Win32
		{E922D127-11AC-4041-90AE-12B89CF8AA49}.Debug|x64.ActiveCfg = Debug|x64
		{E922D127-11AC-4041-90AE-12B89CF8AA49}.Debug|x64.Build.0 = Debug|x64
		{E922D127-11AC-4041-90AE-12B89CF8AA49}.DLL Debug|Win32.ActiveCfg = Debug|Win32
		{E922D127-11AC-4041-90AE-12B89CF8AA49}.DLL Debug|Win32.Build.0 = Debug|Win32
		{E922D127-11AC-4041-90AE-12B89CF8AA49}.DLL Debug|x64.ActiveCfg = Debug|Win32
		{E922D127-11AC-4041-90AE-12B89CF8AA49}.DLL Release|Win32.ActiveCfg = Release|Win32
		{E922D127-11AC-4041-90AE-12B89CF8AA49}.DLL Release|Win32.Build.0 = Release|Win32
		{E922D127-11AC-4041-90AE-12B89CF8AA49}.DLL Release|x64.ActiveCfg = Release|Win32
		{E922D127-11AC-4041-90AE-12B89CF8AA49}.DLL VB|Win32.ActiveCfg = Debug|Win32
		{E922D127-11AC-4041-90AE-12B89CF8AA49}.DLL VB|Win32.Build.0 = Debug|Win32
		{E922D127-11AC-4041-90AE-12B89CF8AA49}.DLL VB|x64.ActiveCfg = Debug|Win32
		{E922D127-11AC-4041-90AE-12B89CF8AA49}.LIB Debug|Win32.ActiveCfg = Debug|Win32
		{E922D127-11AC-4041-90AE-12B89CF8AA49}.LIB Debug|Win32.Build.0 = Debug|Win32
		{E922D127-11AC-4041-90AE-12B89CF8AA49}.LIB Debug|x64.ActiveCfg = Debug|Win32
		{E922D127-11AC-4041-90AE-12B89CF8AA49}.LIB Release|Win32.ActiveCfg = Release|Win32
		{E922D127-11AC-4041-90AE-12B89CF8AA49}.LIB Release|Win32.Build.0 = Release|Win32
		{E922D127-11AC-4041-90AE-12B89CF8AA49}.LIB Release|x64.ActiveCfg = Release|Win32
		{E922D127-11AC-4041-90AE-12B89CF8AA49}.MinSizeRel|Win32.ActiveCfg = Release Static|Win32
		{E922D127-11AC-4041-90AE-12B89CF8AA49}.MinSizeRel|Win32.Build.0 = Release Static|Win32
		{E922D127-11AC-4041-90AE-12B89CF8AA49}.MinSizeRel|x64.ActiveCfg = Release Static|Win32
		{E922D127-11AC-4041-90AE-12B89CF8AA49}.Release Library|Win32.ActiveCfg = Release|Win32
		{E922D127-11AC-4041-90AE-12B89CF8AA49}.Release Library|Win32.Build.0 = Release|Win32
		{E922D127-11AC-4041-90AE-12B89CF8AA49}.Release Library|x64.ActiveCfg = Release|Win32
		{E922D127-11AC-4041-90AE-12B89CF8AA49}.Release Multithreaded|Win32.ActiveCfg = Release Static|Win32
		{E922D127-11AC-4041-90AE-12B89CF8AA49}.Release Multithreaded|Win32.Build.0 = Release Static|Win32
		{E922D127-11AC-4041-90AE-12B89CF8AA49}.Release Multithreaded|x64.ActiveCfg = Release Static|Win32
		{E922D127-11AC-4041-90AE-12B89CF8AA49}.Release MX|Win32.ActiveCfg = Release Static|Win32
		{E922D127-11AC-4041-90AE-12B89CF8AA49}.Release MX|Win32.Build.0 = Release Static|Win32
		{E922D127-11AC-4041-90AE-12B89CF8AA49}.Release MX|x64.ActiveCfg = Release Static|Win32
		{E922D127-11AC-4041-90AE-12B89CF8AA49}.Release Singlethreaded|Win32.ActiveCfg = Release Static|Win32
		{E922D127-11AC-4041-90AE-12B89CF8AA49}.Release Singlethreaded|Win32.Build.0 = Release Static|Win32
		{E922D127-11AC-4041-90AE-12B89CF8AA49}.Release Singlethreaded|x64.ActiveCfg = Release Static|Win32
		{E922D127-11AC-4041-90AE-12B89CF8AA49}.Release Static|Win32.ActiveCfg = Release|Win32
		{E922D127-11AC-4041-90AE-12B89CF8AA49}.Release Static|Win32.Build.0 = Release|Win32
		{E922D127-11AC-4041-90AE-12B89CF8AA49}.Release Static|x64.ActiveCfg = Release Static|Win32
		{E922D127-11AC-4041-90AE-12B89CF8AA49}.Release|Win32.ActiveCfg = Release|Win32
		{E922D127-11AC-4041-90AE-12B89CF8AA49}.Release|Win32.Build.0 = Release|Win32
		{E922D127-11AC-4041-90AE-12B89CF8AA49}.Release|x64.ActiveCfg = Release|Win32
		{E922D127-11AC-4041-90AE-12B89CF8AA49}.ReleaseWithoutAsm|Win32.ActiveCfg = Release Static|Win32
		{E922D127-11AC-4041-90AE-12B89CF8AA49}.ReleaseWithoutAsm|Win32.Build.0 = Release Static|Win32
		{E922D127-11AC-4041-90AE-12B89CF8AA49}.ReleaseWithoutAsm|x64.ActiveCfg = Release Static|Win32
		{E922D127-11AC-4041-90AE-12B89CF8AA49}.RelWithDebInfo|Win32.ActiveCfg = Release Static|Win32
		{E922D127-11AC-4041-90AE-12B89CF8AA49}.RelWithDebInfo|Win32.Build.0 = Release Static|Win32
		{E922D127-11AC-4041-90AE-12B89CF8AA49}.RelWithDebInfo|x64.ActiveCfg = Release Static|Win32
		{2D75DC12-5BFA-4D07-A843-AC0EFEAEA0D7}.Debug Library|Win32.ActiveCfg = Debug|Win32
		{2D75DC12-5BFA-4D07-A843-AC0EFEAEA0D7}.Debug Library|Win32.Build.0 = Debug|Win32
		{2D75DC12-5BFA-4D07-A843-AC0EFEAEA0D7}.Debug Library|x64.ActiveCfg = Debug|Win32
		{2D75DC12-5BFA-4D07-A843-AC0EFEAEA0D7}.Debug Multithreaded|Win32.ActiveCfg = Debug|Win32
		{2D75DC12-5BFA-4D07-A843-AC0EFEAEA0D7}.Debug Multithreaded|Win32.Build.0 = Debug|Win32
		{2D75DC12-5BFA-4D07-A843-AC0EFEAEA0D7}.Debug Multithreaded|x64.ActiveCfg = Debug|Win32
		{2D75DC12-5BFA-4D07-A843-AC0EFEAEA0D7}.Debug MX|Win32.ActiveCfg = Debug|Win32
		{2D75DC12-5BFA-4D07-A843-AC0EFEAEA0D7}.Debug MX|Win32.Build.0 = Debug|Win32
		{2D75DC12-5BFA-4D07-A843-AC0EFEAEA0D7}.Debug MX|x64.ActiveCfg = Debug|Win32
		{2D75DC12-5BFA-4D07-A843-AC0EFEAEA0D7}.Debug Singlethreaded|Win32.ActiveCfg = Debug|Win32
		{2D75DC12-5BFA-4D07-A843-AC0EFEAEA0D7}.Debug Singlethreaded|Win32.Build.0 = Debug|Win32
		{2D75DC12-5BFA-4D07-A843-AC0EFEAEA0D7}.Debug Singlethreaded|x64.ActiveCfg = Debug|Win32
		{2D75DC12-5BFA-4D07-A843-AC0EFEAEA0D7}.Debug Static|Win32.ActiveCfg = Debug|Win32
		{2D75DC12-5BFA-4D07-A843-AC0EFEAEA0D7}.Debug Static|Win32.Build.0 = Debug|Win32
		{2D75DC12-5BFA-4D07-A843-AC0EFEAEA0D7}.Debug Static|x64.ActiveCfg = Debug|Win32
		{2D75DC12-5BFA-4D07-A843-AC0EFEAEA0D7}.Debug|Win32.ActiveCfg = Debug|Win32
		{2D75DC12-5BFA-4D07-A843-AC0EFEAEA0D7}.Debug|Win32.Build.0 = Debug|Win32
		{2D75DC12-5BFA-4D07-A843-AC0EFEAEA0D7}.Debug|x64.ActiveCfg = Debug|x64
		{2D75DC12-5BFA-4D07-A843-AC0EFEAEA0D7}.Debug|x64.Build.0 = Debug|x64
		{2D75DC12-5BFA-4D07-A843-AC0EFEAEA0D7}.DLL Debug|Win32.ActiveCfg = Debug|Win32
		{2D75DC12-5BFA-4D07-A843-AC0EFEAEA0D7}.DLL Debug|Win32.Build.0 = Debug|Win32
		{2D75DC12-5BFA-4D07-A843-AC0EFEAEA0D7}.DLL Debug|x64.ActiveCfg = Debug|Win32
		{2D75DC12-5BFA-4D07-A843-AC0EFEAEA0D7}.DLL Release|Win32.ActiveCfg = Release|Win32
		{2D75DC12-5BFA-4D07-A843-AC0EFEAEA0D7}.DLL Release|Win32.Build.0 = Release|Win32
		{2D75DC12-5BFA-4D07-A843-AC0EFEAEA0D7}.DLL Release|x64.ActiveCfg = Release|Win32
		{2D75DC12-5BFA-4D07-A843-AC0EFEAEA0D7}.DLL VB|Win32.ActiveCfg = Debug|Win32
		{2D75DC12-5BFA-4D07-A843-AC0EFEAEA0D7}.DLL VB|Win32.Build.0 = Debug|Win32
		{2D75DC12-5BFA-4D07-A843-AC0EFEAEA0D7}.DLL VB|x64.ActiveCfg = Debug|Win32
		{2D75DC12-5BFA-4D07-A843-AC0EFEAEA0D7}.LIB Debug|Win32.ActiveCfg = Debug|Win32
		{2D75DC12-5BFA-4D07-A843-AC0EFEAEA0D7}.LIB Debug|Win32.Build.0 = Debug|Win32
		{2D75DC12-5BFA-4D07-A843-AC0EFEAEA0D7}.LIB Debug|x64.ActiveCfg = Debug|Win32
		{2D75DC12-5BFA-4D07-A843-AC0EFEAEA0D7}.LIB Release|Win32.ActiveCfg = Release|Win32
		{2D75DC12-5BFA-4D07-A843-AC0EFEAEA0D7}.LIB Release|Win32.Build.0 = Release|Win32
		{2D75DC12-5BFA-4D07-A843-AC0EFEAEA0D7}.LIB Release|x64.ActiveCfg = Release|Win32
		{2D75DC12-5BFA-4D07-A843-AC0EFEAEA0D7}.MinSizeRel|Win32.ActiveCfg = Release|Win32
		{2D75DC12-5BFA-4D07-A843-AC0EFEAEA0D7}.MinSizeRel|Win32.Build.0 = Release|Win32
		{2D75DC12-5BFA-4D07-A843-AC0EFEAEA0D7}.MinSizeRel|x64.ActiveCfg = Release|Win32
		{2D75DC12-5BFA-4D07-A843-AC0EFEAEA0D7}.Release Library|Win32.ActiveCfg = Release|Win32
		{2D75DC12-5BFA-4D07-A843-AC0EFEAEA0D7}.Release Library|Win32.Build.0 = Release|Win32
		{2D75DC12-5BFA-4D07-A843-AC0EFEAEA0D7}.Release Library|x64.ActiveCfg = Release|Win32
		{2D75DC12-5BFA-4D07-A843-AC0EFEAEA0D7}.Release Multithreaded|Win32.ActiveCfg = Release|Win32
		{2D75DC12-5BFA-4D07-A843-AC0EFEAEA0D7}.Release Multithreaded|Win32.Build.0 = Release|Win32
		{2D75DC12-5BFA-4D07-A843-AC0EFEAEA0D7}.Release Multithreaded|x64.ActiveCfg = Release|Win32
		{2D75DC12-5BFA-4D07-A843-AC0EFEAEA0D7}.Release MX|Win32.ActiveCfg = Release|Win32
		{2D75DC12-5BFA-4D07-A843-AC0EFEAEA0D7}.Release MX|Win32.Build.0 = Release|Win32
		{2D75DC12-5BFA-4D07-A843-AC0EFEAEA0D7}.Release MX|x64.ActiveCfg = Release|Win32
		{2D75DC12-5BFA-4D07-A843-AC0EFEAEA0D7}.Release Singlethreaded|Win32.ActiveCfg = Release|Win32
		{2D75DC12-5BFA-4D07-A843-AC0EFEAEA0D7}.Release Singlethreaded|Win32.Build.0 = Release|Win32
		{2D75DC12-5BFA-4D07-A843-AC0EFEAEA0D7}.Release Singlethreaded|x64.ActiveCfg = Release|Win32
		{2D75DC12-5BFA-4D07-A843-AC0EFEAEA0D7}.Release Static|Win32.ActiveCfg = Release|Win32
		{2D75DC12-5BFA-4D07-A843-AC0EFEAEA0D7}.Release Static|Win32.Build.0 = Release|Win32
		{2D75DC12-5BFA-4D07-A843-AC0EFEAEA0D7}.Release Static|x64.ActiveCfg = Release|Win32
		{2D75DC12-5BFA-4D07-A843-AC0EFEAEA0D7}.Release|Win32.ActiveCfg = Release|Win32
		{2D75DC12-5BFA-4D07-A843-AC0EFEAEA0D7}.Release|Win32.Build.0 = Release|Win32
		{2D75DC12-5BFA-4D07-A843-AC0EFEAEA0D7}.Release|x64.ActiveCfg = Release|Win32
		{2D75DC12-5BFA-4D07-A843-AC0EFEAEA0D7}.ReleaseWithoutAsm|Win32.ActiveCfg = Release|Win32
		{2D75DC12-5BFA-4D07-A843-AC0EFEAEA0D7}.ReleaseWithoutAsm|Win32.Build.0 = Release|Win32
		{2D75DC12-5BFA-4D07-A843-AC0EFEAEA0D7}.ReleaseWithoutAsm|x64.ActiveCfg = Release|Win32
		{2D75DC12-5BFA-4D07-A843-AC0EFEAEA0D7}.RelWithDebInfo|Win32.ActiveCfg = Release|Win32
		{2D75DC12-5BFA-4D07-A843-AC0EFEAEA0D7}.RelWithDebInfo|Win32.Build.0 = Release|Win32
		{2D75DC12-5BFA-4D07-A843-AC0EFEAEA0D7}.RelWithDebInfo|x64.ActiveCfg = Release|Win32
		{1A0CDCBB-F251-4E0D-BE7A-1464C63CE48C}.Debug Library|Win32.ActiveCfg = Debug|Win32
		{1A0CDCBB-F251-4E0D-BE7A-1464C63CE48C}.Debug Library|Win32.Build.0 = Debug|Win32
		{1A0CDCBB-F251-4E0D-BE7A-1464C63CE48C}.Debug Library|x64.ActiveCfg = Debug|Win32
		{1A0CDCBB-F251-4E0D-BE7A-1464C63CE48C}.Debug Multithreaded|Win32.ActiveCfg = Debug|Win32
		{1A0CDCBB-F251-4E0D-BE7A-1464C63CE48C}.Debug Multithreaded|Win32.Build.0 = Debug|Win32
		{1A0CDCBB-F251-4E0D-BE7A-1464C63CE48C}.Debug Multithreaded|x64.ActiveCfg = Debug|Win32
		{1A0CDCBB-F251-4E0D-BE7A-1464C63CE48C}.Debug MX|Win32.ActiveCfg = Debug|Win32
		{1A0CDCBB-F251-4E0D-BE7A-1464C63CE48C}.Debug MX|Win32.Build.0 = Debug|Win32
		{1A0CDCBB-F251-4E0D-BE7A-1464C63CE48C}.Debug MX|x64.ActiveCfg = Debug|Win32
		{1A0CDCBB-F251-4E0D-BE7A-1464C63CE48C}.Debug Singlethreaded|Win32.ActiveCfg = Debug|Win32
		{1A0CDCBB-F251-4E0D-BE7A-1464C63CE48C}.Debug Singlethreaded|Win32.Build.0 = Debug|Win32
		{1A0CDCBB-F251-4E0D-BE7A-1464C63CE48C}.Debug Singlethreaded|x64.ActiveCfg = Debug|Win32
		{1A0CDCBB-F251-4E0D-BE7A-1464C63CE48C}.Debug Static|Win32.ActiveCfg = Debug|Win32
		{1A0CDCBB-F251-4E0D-BE7A-1464C63CE48C}.Debug Static|Win32.Build.0 = Debug|Win32
		{1A0CDCBB-F251-4E0D-BE7A-1464C63CE48C}.Debug Static|x64.ActiveCfg = Debug|Win32
		{1A0CDCBB-F251-4E0D-BE7A-1464C63CE48C}.Debug|Win32.ActiveCfg = Debug|Win32
		{1A0CDCBB-F251-4E0D-BE7A-1464C63CE48C}.Debug|Win32.Build.0 = Debug|Win32
		{1A0CDCBB-F251-4E0D-BE7A-1464C63CE48C}.Debug|x64.ActiveCfg = Debug|x64
		{1A0CDCBB-F251-4E0D-BE7A-1464C63CE48C}.Debug|x64.Build.0 = Debug|x64
		{1A0CDCBB-F251-4E0D-BE7A-1464C63CE48C}.DLL Debug|Win32.ActiveCfg = Debug|Win32
		{1A0CDCBB-F251-4E0D-BE7A-1464C63CE48C}.DLL Debug|Win32.Build.0 = Debug|Win32
		{1A0CDCBB-F251-4E0D-BE7A-1464C63CE48C}.DLL Debug|x64.ActiveCfg = Debug|Win32
		{1A0CDCBB-F251-4E0D-BE7A-1464C63CE48C}.DLL Release|Win32.ActiveCfg = Release|Win32
		{1A0CDCBB-F251-4E0D-BE7A-1464C63CE48C}.DLL Release|Win32.Build.0 = Release|Win32
		{1A0CDCBB-F251-4E0D-BE7A-1464C63CE48C}.DLL Release|x64.ActiveCfg = Release|Win32
		{1A0CDCBB-F251-4E0D-BE7A-1464C63CE48C}.DLL VB|Win32.ActiveCfg = Debug|Win32
		{1A0CDCBB-F251-4E0D-BE7A-1464C63CE48C}.DLL VB|Win32.Build.0 = Debug|Win32
		{1A0CDCBB-F251-4E0D-BE7A-1464C63CE48C}.DLL VB|x64.ActiveCfg = Debug|Win32
		{1A0CDCBB-F251-4E0D-BE7A-1464C63CE48C}.LIB Debug|Win32.ActiveCfg = Debug|Win32
		{1A0CDCBB-F251-4E0D-BE7A-1464C63CE48C}.LIB Debug|Win32.Build.0 = Debug|Win32
		{1A0CDCBB-F251-4E0D-BE7A-1464C63CE48C}.LIB Debug|x64.ActiveCfg = Debug|Win32
		{1A0CDCBB-F251-4E0D-BE7A-1464C63CE48C}.LIB Release|Win32.ActiveCfg = Release|Win32
		{1A0CDCBB-F251-4E0D-BE7A-1464C63CE48C}.LIB Release|Win32.Build.0 = Release|Win32
		{1A0CDCBB-F251-4E0D-BE7A-1464C63CE48C}.LIB Release|x64.ActiveCfg = Release|Win32
		{1A0CDCBB-F251-4E0D-BE7A-1464C63CE48C}.MinSizeRel|Win32.ActiveCfg = Release|Win32
		{1A0CDCBB-F251-4E0D-BE7A-1464C63CE48C}.MinSizeRel|Win32.Build.0 = Release|Win32
		{1A0CDCBB-F251-4E0D-BE7A-1464C63CE48C}.MinSizeRel|x64.ActiveCfg = Release|Win32
		{1A0CDCBB-F251-4E0D-BE7A-1464C63CE48C}.Release Library|Win32.ActiveCfg = Release|Win32
		{1A0CDCBB-F251-4E0D-BE7A-1464C63CE48C}.Release Library|Win32.Build.0 = Release|Win32
		{1A0CDCBB-F251-4E0D-BE7A-1464C63CE48C}.Release Library|x64.ActiveCfg = Release|Win32
		{1A0CDCBB-F251-4E0D-BE7A-1464C63CE48C}.Release Multithreaded|Win32.ActiveCfg = Release|Win32
		{1A0CDCBB-F251-4E0D-BE7A-1464C63CE48C}.Release Multithreaded|Win32.Build.0 = Release|Win32
		{1A0CDCBB-F251-4E0D-BE7A-1464C63CE48C}.Release Multithreaded|x64.ActiveCfg = Release|Win32
		{1A0CDCBB-F251-4E0D-BE7A-1464C63CE48C}.Release MX|Win32.ActiveCfg = Release|Win32
		{1A0CDCBB-F251-4E0D-BE7A-1464C63CE48C}.Release MX|Win32.Build.0 = Release|Win32
		{1A0CDCBB-F251-4E0D-BE7A-1464C63CE48C}.Release MX|x64.ActiveCfg = Release|Win32
		{1A0CDCBB-F251-4E0D-BE7A-1464C63CE48C}.Release Singlethreaded|Win32.ActiveCfg = Release|Win32
		{1A0CDCBB-F251-4E0D-BE7A-1464C63CE48C}.Release Singlethreaded|Win32.Build.0 = Release|Win32
		{1A0CDCBB-F251-4E0D-BE7A-1464C63CE48C}.Release Singlethreaded|x64.ActiveCfg = Release|Win32
		{1A0CDCBB-F251-4E0D-BE7A-1464C63CE48C}.Release Static|Win32.ActiveCfg = Release|Win32
		{1A0CDCBB-F251-4E0D-BE7A-1464C63CE48C}.Release Static|Win32.Build.0 = Release|Win32
		{1A0CDCBB-F251-4E0D-BE7A-1464C63CE48C}.Release Static|x64.ActiveCfg = Release|Win32
		{1A0CDCBB-F251-4E0D-BE7A-1464C63CE48C}.Release|Win32.ActiveCfg = Release|Win32
		{1A0CDCBB-F251-4E0D-BE7A-1464C63CE48C}.Release|Win32.Build.0 = Release|Win32
		{1A0CDCBB-F251-4E0D-BE7A-1464C63CE48C}.Release|x64.ActiveCfg = Release|Win32
		{1A0CDCBB-F251-4E0D-BE7A-1464C63CE48C}.ReleaseWithoutAsm|Win32.ActiveCfg = Release|Win32
		{1A0CDCBB-F251-4E0D-BE7A-1464C63CE48C}.ReleaseWithoutAsm|Win32.Build.0 = Release|Win32
		{1A0CDCBB-F251-4E0D-BE7A-1464C63CE48C}.ReleaseWithoutAsm|x64.ActiveCfg = Release|Win32
		{1A0CDCBB-F251-4E0D-BE7A-1464C63CE48C}.RelWithDebInfo|Win32.ActiveCfg = Release|Win32
		{1A0CDCBB-F251-4E0D-BE7A-1464C63CE48C}.RelWithDebInfo|Win32.Build.0 = Release|Win32
		{1A0CDCBB-F251-4E0D-BE7A-1464C63CE48C}.RelWithDebInfo|x64.ActiveCfg = Release|Win32
		{D6973076-9317-4EF2-A0B8-B7A18AC0713E}.Debug Library|Win32.ActiveCfg = Debug Library|Win32
		{D6973076-9317-4EF2-A0B8-B7A18AC0713E}.Debug Library|Win32.Build.0 = Debug Library|Win32
		{D6973076-9317-4EF2-A0B8-B7A18AC0713E}.Debug Library|x64.ActiveCfg = Debug Library|Win32
		{D6973076-9317-4EF2-A0B8-B7A18AC0713E}.Debug Multithreaded|Win32.ActiveCfg = Debug Library|Win32
		{D6973076-9317-4EF2-A0B8-B7A18AC0713E}.Debug Multithreaded|Win32.Build.0 = Debug Library|Win32
		{D6973076-9317-4EF2-A0B8-B7A18AC0713E}.Debug Multithreaded|x64.ActiveCfg = Debug Library|Win32
		{D6973076-9317-4EF2-A0B8-B7A18AC0713E}.Debug MX|Win32.ActiveCfg = Debug Library|Win32
		{D6973076-9317-4EF2-A0B8-B7A18AC0713E}.Debug MX|Win32.Build.0 = Debug Library|Win32
		{D6973076-9317-4EF2-A0B8-B7A18AC0713E}.Debug MX|x64.ActiveCfg = Debug Library|Win32
		{D6973076-9317-4EF2-A0B8-B7A18AC0713E}.Debug Singlethreaded|Win32.ActiveCfg = Debug Library|Win32
		{D6973076-9317-4EF2-A0B8-B7A18AC0713E}.Debug Singlethreaded|Win32.Build.0 = Debug Library|Win32
		{D6973076-9317-4EF2-A0B8-B7A18AC0713E}.Debug Singlethreaded|x64.ActiveCfg = Debug Library|Win32
		{D6973076-9317-4EF2-A0B8-B7A18AC0713E}.Debug Static|Win32.ActiveCfg = Debug Library|Win32
		{D6973076-9317-4EF2-A0B8-B7A18AC0713E}.Debug Static|Win32.Build.0 = Debug Library|Win32
		{D6973076-9317-4EF2-A0B8-B7A18AC0713E}.Debug Static|x64.ActiveCfg = Debug Library|Win32
		{D6973076-9317-4EF2-A0B8-B7A18AC0713E}.Debug|Win32.ActiveCfg = Debug|Win32
		{D6973076-9317-4EF2-A0B8-B7A18AC0713E}.Debug|Win32.Build.0 = Debug|Win32
		{D6973076-9317-4EF2-A0B8-B7A18AC0713E}.Debug|x64.ActiveCfg = Debug|x64
		{D6973076-9317-4EF2-A0B8-B7A18AC0713E}.Debug|x64.Build.0 = Debug|x64
		{D6973076-9317-4EF2-A0B8-B7A18AC0713E}.DLL Debug|Win32.ActiveCfg = Debug|Win32
		{D6973076-9317-4EF2-A0B8-B7A18AC0713E}.DLL Debug|Win32.Build.0 = Debug|Win32
		{D6973076-9317-4EF2-A0B8-B7A18AC0713E}.DLL Debug|x64.ActiveCfg = Debug|Win32
		{D6973076-9317-4EF2-A0B8-B7A18AC0713E}.DLL Release|Win32.ActiveCfg = Release|Win32
		{D6973076-9317-4EF2-A0B8-B7A18AC0713E}.DLL Release|Win32.Build.0 = Release|Win32
		{D6973076-9317-4EF2-A0B8-B7A18AC0713E}.DLL Release|x64.ActiveCfg = Release|Win32
		{D6973076-9317-4EF2-A0B8-B7A18AC0713E}.DLL VB|Win32.ActiveCfg = Debug Library|Win32
		{D6973076-9317-4EF2-A0B8-B7A18AC0713E}.DLL VB|Win32.Build.0 = Debug Library|Win32
		{D6973076-9317-4EF2-A0B8-B7A18AC0713E}.DLL VB|x64.ActiveCfg = Debug Library|Win32
		{D6973076-9317-4EF2-A0B8-B7A18AC0713E}.LIB Debug|Win32.ActiveCfg = Debug|Win32
		{D6973076-9317-4EF2-A0B8-B7A18AC0713E}.LIB Debug|Win32.Build.0 = Debug|Win32
		{D6973076-9317-4EF2-A0B8-B7A18AC0713E}.LIB Debug|x64.ActiveCfg = Debug|Win32
		{D6973076-9317-4EF2-A0B8-B7A18AC0713E}.LIB Release|Win32.ActiveCfg = Release|Win32
		{D6973076-9317-4EF2-A0B8-B7A18AC0713E}.LIB Release|Win32.Build.0 = Release|Win32
		{D6973076-9317-4EF2-A0B8-B7A18AC0713E}.LIB Release|x64.ActiveCfg = Release|Win32
		{D6973076-9317-4EF2-A0B8-B7A18AC0713E}.MinSizeRel|Win32.ActiveCfg = Debug Library|Win32
		{D6973076-9317-4EF2-A0B8-B7A18AC0713E}.MinSizeRel|Win32.Build.0 = Debug Library|Win32
		{D6973076-9317-4EF2-A0B8-B7A18AC0713E}.MinSizeRel|x64.ActiveCfg = Debug Library|Win32
		{D6973076-9317-4EF2-A0B8-B7A18AC0713E}.Release Library|Win32.ActiveCfg = Release Library|Win32
		{D6973076-9317-4EF2-A0B8-B7A18AC0713E}.Release Library|Win32.Build.0 = Release Library|Win32
		{D6973076-9317-4EF2-A0B8-B7A18AC0713E}.Release Library|x64.ActiveCfg = Release Library|Win32
		{D6973076-9317-4EF2-A0B8-B7A18AC0713E}.Release Multithreaded|Win32.ActiveCfg = Release Library|Win32
		{D6973076-9317-4EF2-A0B8-B7A18AC0713E}.Release Multithreaded|Win32.Build.0 = Release Library|Win32
		{D6973076-9317-4EF2-A0B8-B7A18AC0713E}.Release Multithreaded|x64.ActiveCfg = Release Library|Win32
		{D6973076-9317-4EF2-A0B8-B7A18AC0713E}.Release MX|Win32.ActiveCfg = Release Library|Win32
		{D6973076-9317-4EF2-A0B8-B7A18AC0713E}.Release MX|Win32.Build.0 = Release Library|Win32
		{D6973076-9317-4EF2-A0B8-B7A18AC0713E}.Release MX|x64.ActiveCfg = Release Library|Win32
		{D6973076-9317-4EF2-A0B8-B7A18AC0713E}.Release Singlethreaded|Win32.ActiveCfg = Release Library|Win32
		{D6973076-9317-4EF2-A0B8-B7A18AC0713E}.Release Singlethreaded|Win32.Build.0 = Release Library|Win32
		{D6973076-9317-4EF2-A0B8-B7A18AC0713E}.Release Singlethreaded|x64.ActiveCfg = Release Library|Win32
		{D6973076-9317-4EF2-A0B8-B7A18AC0713E}.Release Static|Win32.ActiveCfg = Release Library|Win32
		{D6973076-9317-4EF2-A0B8-B7A18AC0713E}.Release Static|Win32.Build.0 = Release Library|Win32
		{D6973076-9317-4EF2-A0B8-B7A18AC0713E}.Release Static|x64.ActiveCfg = Release Library|Win32
		{D6973076-9317-4EF2-A0B8-B7A18AC0713E}.Release|Win32.ActiveCfg = Release|Win32
		{D6973076-9317-4EF2-A0B8-B7A18AC0713E}.Release|Win32.Build.0 = Release|Win32
		{D6973076-9317-4EF2-A0B8-B7A18AC0713E}.Release|x64.ActiveCfg = Release|Win32
		{D6973076-9317-4EF2-A0B8-B7A18AC0713E}.ReleaseWithoutAsm|Win32.ActiveCfg = Release|Win32
		{D6973076-9317-4EF2-A0B8-B7A18AC0713E}.ReleaseWithoutAsm|Win32.Build.0 = Release|Win32
		{D6973076-9317-4EF2-A0B8-B7A18AC0713E}.ReleaseWithoutAsm|x64.ActiveCfg = Release|Win32
		{D6973076-9317-4EF2-A0B8-B7A18AC0713E}.RelWithDebInfo|Win32.ActiveCfg = Release|Win32
		{D6973076-9317-4EF2-A0B8-B7A18AC0713E}.RelWithDebInfo|Win32.Build.0 = Release|Win32
		{D6973076-9317-4EF2-A0B8-B7A18AC0713E}.RelWithDebInfo|x64.ActiveCfg = Release|Win32
		{60F89955-91C6-3A36-8000-13C592FEC2DF}.Debug Library|Win32.ActiveCfg = Debug Library|Win32
		{60F89955-91C6-3A36-8000-13C592FEC2DF}.Debug Library|Win32.Build.0 = Debug Library|Win32
		{60F89955-91C6-3A36-8000-13C592FEC2DF}.Debug Library|x64.ActiveCfg = Debug Library|Win32
		{60F89955-91C6-3A36-8000-13C592FEC2DF}.Debug Multithreaded|Win32.ActiveCfg = Debug Library|Win32
		{60F89955-91C6-3A36-8000-13C592FEC2DF}.Debug Multithreaded|Win32.Build.0 = Debug Library|Win32
		{60F89955-91C6-3A36-8000-13C592FEC2DF}.Debug Multithreaded|x64.ActiveCfg = Debug Library|Win32
		{60F89955-91C6-3A36-8000-13C592FEC2DF}.Debug MX|Win32.ActiveCfg = Debug Library|Win32
		{60F89955-91C6-3A36-8000-13C592FEC2DF}.Debug MX|Win32.Build.0 = Debug Library|Win32
		{60F89955-91C6-3A36-8000-13C592FEC2DF}.Debug MX|x64.ActiveCfg = Debug Library|Win32
		{60F89955-91C6-3A36-8000-13C592FEC2DF}.Debug Singlethreaded|Win32.ActiveCfg = Debug Library|Win32
		{60F89955-91C6-3A36-8000-13C592FEC2DF}.Debug Singlethreaded|Win32.Build.0 = Debug Library|Win32
		{60F89955-91C6-3A36-8000-13C592FEC2DF}.Debug Singlethreaded|x64.ActiveCfg = Debug Library|Win32
		{60F89955-91C6-3A36-8000-13C592FEC2DF}.Debug Static|Win32.ActiveCfg = Debug Library|Win32
		{60F89955-91C6-3A36-8000-13C592FEC2DF}.Debug Static|Win32.Build.0 = Debug Library|Win32
		{60F89955-91C6-3A36-8000-13C592FEC2DF}.Debug Static|x64.ActiveCfg = Debug Library|Win32
		{60F89955-91C6-3A36-8000-13C592FEC2DF}.Debug|Win32.ActiveCfg = Debug|Win32
		{60F89955-91C6-3A36-8000-13C592FEC2DF}.Debug|Win32.Build.0 = Debug|Win32
		{60F89955-91C6-3A36-8000-13C592FEC2DF}.Debug|x64.ActiveCfg = Debug|x64
		{60F89955-91C6-3A36-8000-13C592FEC2DF}.Debug|x64.Build.0 = Debug|x64
		{60F89955-91C6-3A36-8000-13C592FEC2DF}.DLL Debug|Win32.ActiveCfg = Debug|Win32
		{60F89955-91C6-3A36-8000-13C592FEC2DF}.DLL Debug|Win32.Build.0 = Debug|Win32
		{60F89955-91C6-3A36-8000-13C592FEC2DF}.DLL Debug|x64.ActiveCfg = Debug|Win32
		{60F89955-91C6-3A36-8000-13C592FEC2DF}.DLL Release|Win32.ActiveCfg = Release|Win32
		{60F89955-91C6-3A36-8000-13C592FEC2DF}.DLL Release|Win32.Build.0 = Release|Win32
		{60F89955-91C6-3A36-8000-13C592FEC2DF}.DLL Release|x64.ActiveCfg = Release|Win32
		{60F89955-91C6-3A36-8000-13C592FEC2DF}.DLL VB|Win32.ActiveCfg = Debug Library|Win32
		{60F89955-91C6-3A36-8000-13C592FEC2DF}.DLL VB|Win32.Build.0 = Debug Library|Win32
		{60F89955-91C6-3A36-8000-13C592FEC2DF}.DLL VB|x64.ActiveCfg = Debug Library|Win32
		{60F89955-91C6-3A36-8000-13C592FEC2DF}.LIB Debug|Win32.ActiveCfg = Debug|Win32
		{60F89955-91C6-3A36-8000-13C592FEC2DF}.LIB Debug|Win32.Build.0 = Debug|Win32
		{60F89955-91C6-3A36-8000-13C592FEC2DF}.LIB Debug|x64.ActiveCfg = Debug|Win32
		{60F89955-91C6-3A36-8000-13C592FEC2DF}.LIB Release|Win32.ActiveCfg = Release|Win32
		{60F89955-91C6-3A36-8000-13C592FEC2DF}.LIB Release|Win32.Build.0 = Release|Win32
		{60F89955-91C6-3A36-8000-13C592FEC2DF}.LIB Release|x64.ActiveCfg = Release|Win32
		{60F89955-91C6-3A36-8000-13C592FEC2DF}.MinSizeRel|Win32.ActiveCfg = Debug Library|Win32
		{60F89955-91C6-3A36-8000-13C592FEC2DF}.MinSizeRel|Win32.Build.0 = Debug Library|Win32
		{60F89955-91C6-3A36-8000-13C592FEC2DF}.MinSizeRel|x64.ActiveCfg = Debug Library|Win32
		{60F89955-91C6-3A36-8000-13C592FEC2DF}.Release Library|Win32.ActiveCfg = Release Library|Win32
		{60F89955-91C6-3A36-8000-13C592FEC2DF}.Release Library|Win32.Build.0 = Release Library|Win32
		{60F89955-91C6-3A36-8000-13C592FEC2DF}.Release Library|x64.ActiveCfg = Release Library|Win32
		{60F89955-91C6-3A36-8000-13C592FEC2DF}.Release Multithreaded|Win32.ActiveCfg = Release Library|Win32
		{60F89955-91C6-3A36-8000-13C592FEC2DF}.Release Multithreaded|Win32.Build.0 = Release Library|Win32
		{60F89955-91C6-3A36-8000-13C592FEC2DF}.Release Multithreaded|x64.ActiveCfg = Release Library|Win32
		{60F89955-91C6-3A36-8000-13C592FEC2DF}.Release MX|Win32.ActiveCfg = Release Library|Win32
		{60F89955-91C6-3A36-8000-13C592FEC2DF}.Release MX|Win32.Build.0 = Release Library|Win32
		{60F89955-91C6-3A36-8000-13C592FEC2DF}.Release MX|x64.ActiveCfg = Release Library|Win32
		{60F89955-91C6-3A36-8000-13C592FEC2DF}.Release Singlethreaded|Win32.ActiveCfg = Release Library|Win32
		{60F89955-91C6-3A36-8000-13C592FEC2DF}.Release Singlethreaded|Win32.Build.0 = Release Library|Win32
		{60F89955-91C6-3A36-8000-13C592FEC2DF}.Release Singlethreaded|x64.ActiveCfg = Release Library|Win32
		{60F89955-91C6-3A36-8000-13C592FEC2DF}.Release Static|Win32.ActiveCfg = Release Library|Win32
		{60F89955-91C6-3A36-8000-13C592FEC2DF}.Release Static|Win32.Build.0 = Release Library|Win32
		{60F89955-91C6-3A36-8000-13C592FEC2DF}.Release Static|x64.ActiveCfg = Release Library|Win32
		{60F89955-91C6-3A36-8000-13C592FEC2DF}.Release|Win32.ActiveCfg = Release|Win32
		{60F89955-91C6-3A36-8000-13C592FEC2DF}.Release|Win32.Build.0 = Release|Win32
		{60F89955-91C6-3A36-8000-13C592FEC2DF}.Release|x64.ActiveCfg = Release|Win32
		{60F89955-91C6-3A36-8000-13C592FEC2DF}.ReleaseWithoutAsm|Win32.ActiveCfg = Release|Win32
		{60F89955-91C6-3A36-8000-13C592FEC2DF}.ReleaseWithoutAsm|Win32.Build.0 = Release|Win32
		{60F89955-91C6-3A36-8000-13C592FEC2DF}.ReleaseWithoutAsm|x64.ActiveCfg = Release|Win32
		{60F89955-91C6-3A36-8000-13C592FEC2DF}.RelWithDebInfo|Win32.ActiveCfg = Release|Win32
		{60F89955-91C6-3A36-8000-13C592FEC2DF}.RelWithDebInfo|Win32.Build.0 = Release|Win32
		{60F89955-91C6-3A36-8000-13C592FEC2DF}.RelWithDebInfo|x64.ActiveCfg = Release|Win32
		{78B079BD-9FC7-4B9E-B4A6-96DA0F00248B}.Debug Library|Win32.ActiveCfg = Debug Multithreaded|Win32
		{78B079BD-9FC7-4B9E-B4A6-96DA0F00248B}.Debug Library|Win32.Build.0 = Debug Multithreaded|Win32
		{78B079BD-9FC7-4B9E-B4A6-96DA0F00248B}.Debug Library|x64.ActiveCfg = Debug Multithreaded|Win32
		{78B079BD-9FC7-4B9E-B4A6-96DA0F00248B}.Debug Multithreaded|Win32.ActiveCfg = Debug Multithreaded|Win32
		{78B079BD-9FC7-4B9E-B4A6-96DA0F00248B}.Debug Multithreaded|Win32.Build.0 = Debug Multithreaded|Win32
		{78B079BD-9FC7-4B9E-B4A6-96DA0F00248B}.Debug Multithreaded|x64.ActiveCfg = Debug Multithreaded|Win32
		{78B079BD-9FC7-4B9E-B4A6-96DA0F00248B}.Debug MX|Win32.ActiveCfg = Debug Multithreaded|Win32
		{78B079BD-9FC7-4B9E-B4A6-96DA0F00248B}.Debug MX|Win32.Build.0 = Debug Multithreaded|Win32
		{78B079BD-9FC7-4B9E-B4A6-96DA0F00248B}.Debug MX|x64.ActiveCfg = Debug Multithreaded|Win32
		{78B079BD-9FC7-4B9E-B4A6-96DA0F00248B}.Debug Singlethreaded|Win32.ActiveCfg = Debug Singlethreaded|Win32
		{78B079BD-9FC7-4B9E-B4A6-96DA0F00248B}.Debug Singlethreaded|Win32.Build.0 = Debug Singlethreaded|Win32
		{78B079BD-9FC7-4B9E-B4A6-96DA0F00248B}.Debug Singlethreaded|x64.ActiveCfg = Debug Singlethreaded|Win32
		{78B079BD-9FC7-4B9E-B4A6-96DA0F00248B}.Debug Static|Win32.ActiveCfg = Debug Singlethreaded|Win32
		{78B079BD-9FC7-4B9E-B4A6-96DA0F00248B}.Debug Static|Win32.Build.0 = Debug Singlethreaded|Win32
		{78B079BD-9FC7-4B9E-B4A6-96DA0F00248B}.Debug Static|x64.ActiveCfg = Debug Singlethreaded|Win32
		{78B079BD-9FC7-4B9E-B4A6-96DA0F00248B}.Debug|Win32.ActiveCfg = Debug|Win32
		{78B079BD-9FC7-4B9E-B4A6-96DA0F00248B}.Debug|Win32.Build.0 = Debug|Win32
		{78B079BD-9FC7-4B9E-B4A6-96DA0F00248B}.Debug|x64.ActiveCfg = Debug|x64
		{78B079BD-9FC7-4B9E-B4A6-96DA0F00248B}.Debug|x64.Build.0 = Debug|x64
		{78B079BD-9FC7-4B9E-B4A6-96DA0F00248B}.DLL Debug|Win32.ActiveCfg = Debug|Win32
		{78B079BD-9FC7-4B9E-B4A6-96DA0F00248B}.DLL Debug|Win32.Build.0 = Debug|Win32
		{78B079BD-9FC7-4B9E-B4A6-96DA0F00248B}.DLL Debug|x64.ActiveCfg = Debug|Win32
		{78B079BD-9FC7-4B9E-B4A6-96DA0F00248B}.DLL Release|Win32.ActiveCfg = Release|Win32
		{78B079BD-9FC7-4B9E-B4A6-96DA0F00248B}.DLL Release|Win32.Build.0 = Release|Win32
		{78B079BD-9FC7-4B9E-B4A6-96DA0F00248B}.DLL Release|x64.ActiveCfg = Release|Win32
		{78B079BD-9FC7-4B9E-B4A6-96DA0F00248B}.DLL VB|Win32.ActiveCfg = Debug Multithreaded|Win32
		{78B079BD-9FC7-4B9E-B4A6-96DA0F00248B}.DLL VB|Win32.Build.0 = Debug Multithreaded|Win32
		{78B079BD-9FC7-4B9E-B4A6-96DA0F00248B}.DLL VB|x64.ActiveCfg = Debug Multithreaded|Win32
		{78B079BD-9FC7-4B9E-B4A6-96DA0F00248B}.LIB Debug|Win32.ActiveCfg = Debug|Win32
		{78B079BD-9FC7-4B9E-B4A6-96DA0F00248B}.LIB Debug|Win32.Build.0 = Debug|Win32
		{78B079BD-9FC7-4B9E-B4A6-96DA0F00248B}.LIB Debug|x64.ActiveCfg = Debug|Win32
		{78B079BD-9FC7-4B9E-B4A6-96DA0F00248B}.LIB Release|Win32.ActiveCfg = Release|Win32
		{78B079BD-9FC7-4B9E-B4A6-96DA0F00248B}.LIB Release|Win32.Build.0 = Release|Win32
		{78B079BD-9FC7-4B9E-B4A6-96DA0F00248B}.LIB Release|x64.ActiveCfg = Release|Win32
		{78B079BD-9FC7-4B9E-B4A6-96DA0F00248B}.MinSizeRel|Win32.ActiveCfg = Debug Multithreaded|Win32
		{78B079BD-9FC7-4B9E-B4A6-96DA0F00248B}.MinSizeRel|Win32.Build.0 = Debug Multithreaded|Win32
		{78B079BD-9FC7-4B9E-B4A6-96DA0F00248B}.MinSizeRel|x64.ActiveCfg = Debug Multithreaded|Win32
		{78B079BD-9FC7-4B9E-B4A6-96DA0F00248B}.Release Library|Win32.ActiveCfg = Release Multithreaded|Win32
		{78B079BD-9FC7-4B9E-B4A6-96DA0F00248B}.Release Library|Win32.Build.0 = Release Multithreaded|Win32
		{78B079BD-9FC7-4B9E-B4A6-96DA0F00248B}.Release Library|x64.ActiveCfg = Release Multithreaded|Win32
		{78B079BD-9FC7-4B9E-B4A6-96DA0F00248B}.Release Multithreaded|Win32.ActiveCfg = Release Multithreaded|Win32
		{78B079BD-9FC7-4B9E-B4A6-96DA0F00248B}.Release Multithreaded|Win32.Build.0 = Release Multithreaded|Win32
		{78B079BD-9FC7-4B9E-B4A6-96DA0F00248B}.Release Multithreaded|x64.ActiveCfg = Release Multithreaded|Win32
		{78B079BD-9FC7-4B9E-B4A6-96DA0F00248B}.Release MX|Win32.ActiveCfg = Release Multithreaded|Win32
		{78B079BD-9FC7-4B9E-B4A6-96DA0F00248B}.Release MX|Win32.Build.0 = Release Multithreaded|Win32
		{78B079BD-9FC7-4B9E-B4A6-96DA0F00248B}.Release MX|x64.ActiveCfg = Release Multithreaded|Win32
		{78B079BD-9FC7-4B9E-B4A6-96DA0F00248B}.Release Singlethreaded|Win32.ActiveCfg = Release Singlethreaded|Win32
		{78B079BD-9FC7-4B9E-B4A6-96DA0F00248B}.Release Singlethreaded|Win32.Build.0 = Release Singlethreaded|Win32
		{78B079BD-9FC7-4B9E-B4A6-96DA0F00248B}.Release Singlethreaded|x64.ActiveCfg = Release Singlethreaded|Win32
		{78B079BD-9FC7-4B9E-B4A6-96DA0F00248B}.Release Static|Win32.ActiveCfg = Release Singlethreaded|Win32
		{78B079BD-9FC7-4B9E-B4A6-96DA0F00248B}.Release Static|Win32.Build.0 = Release Singlethreaded|Win32
		{78B079BD-9FC7-4B9E-B4A6-96DA0F00248B}.Release Static|x64.ActiveCfg = Release Singlethreaded|Win32
		{78B079BD-9FC7-4B9E-B4A6-96DA0F00248B}.Release|Win32.ActiveCfg = Release|Win32
		{78B079BD-9FC7-4B9E-B4A6-96DA0F00248B}.Release|Win32.Build.0 = Release|Win32
		{78B079BD-9FC7-4B9E-B4A6-96DA0F00248B}.Release|x64.ActiveCfg = Release|Win32
		{78B079BD-9FC7-4B9E-B4A6-96DA0F00248B}.ReleaseWithoutAsm|Win32.ActiveCfg = Release Multithreaded|Win32
		{78B079BD-9FC7-4B9E-B4A6-96DA0F00248B}.ReleaseWithoutAsm|Win32.Build.0 = Release Multithreaded|Win32
		{78B079BD-9FC7-4B9E-B4A6-96DA0F00248B}.ReleaseWithoutAsm|x64.ActiveCfg = Release Multithreaded|Win32
		{78B079BD-9FC7-4B9E-B4A6-96DA0F00248B}.RelWithDebInfo|Win32.ActiveCfg = Release Multithreaded|Win32
		{78B079BD-9FC7-4B9E-B4A6-96DA0F00248B}.RelWithDebInfo|Win32.Build.0 = Release Multithreaded|Win32
		{78B079BD-9FC7-4B9E-B4A6-96DA0F00248B}.RelWithDebInfo|x64.ActiveCfg = Release Multithreaded|Win32
		{664E6F0D-6784-4760-9565-D54F8EB1EDF4}.Debug Library|Win32.ActiveCfg = Debug MX|Win32
		{664E6F0D-6784-4760-9565-D54F8EB1EDF4}.Debug Library|Win32.Build.0 = Debug MX|Win32
		{664E6F0D-6784-4760-9565-D54F8EB1EDF4}.Debug Library|x64.ActiveCfg = Debug MX|x64
		{664E6F0D-6784-4760-9565-D54F8EB1EDF4}.Debug Library|x64.Build.0 = Debug MX|x64
		{664E6F0D-6784-4760-9565-D54F8EB1EDF4}.Debug Multithreaded|Win32.ActiveCfg = Debug MX|Win32
		{664E6F0D-6784-4760-9565-D54F8EB1EDF4}.Debug Multithreaded|Win32.Build.0 = Debug MX|Win32
		{664E6F0D-6784-4760-9565-D54F8EB1EDF4}.Debug Multithreaded|x64.ActiveCfg = Debug MX|x64
		{664E6F0D-6784-4760-9565-D54F8EB1EDF4}.Debug Multithreaded|x64.Build.0 = Debug MX|x64
		{664E6F0D-6784-4760-9565-D54F8EB1EDF4}.Debug MX|Win32.ActiveCfg = Debug MX|Win32
		{664E6F0D-6784-4760-9565-D54F8EB1EDF4}.Debug MX|Win32.Build.0 = Debug MX|Win32
		{664E6F0D-6784-4760-9565-D54F8EB1EDF4}.Debug MX|x64.ActiveCfg = Debug MX|x64
		{664E6F0D-6784-4760-9565-D54F8EB1EDF4}.Debug MX|x64.Build.0 = Debug MX|x64
		{664E6F0D-6784-4760-9565-D54F8EB1EDF4}.Debug Singlethreaded|Win32.ActiveCfg = Debug MX|Win32
		{664E6F0D-6784-4760-9565-D54F8EB1EDF4}.Debug Singlethreaded|Win32.Build.0 = Debug MX|Win32
		{664E6F0D-6784-4760-9565-D54F8EB1EDF4}.Debug Singlethreaded|x64.ActiveCfg = Debug MX|x64
		{664E6F0D-6784-4760-9565-D54F8EB1EDF4}.Debug Singlethreaded|x64.Build.0 = Debug MX|x64
		{664E6F0D-6784-4760-9565-D54F8EB1EDF4}.Debug Static|Win32.ActiveCfg = Debug MX|Win32
		{664E6F0D-6784-4760-9565-D54F8EB1EDF4}.Debug Static|Win32.Build.0 = Debug MX|Win32
		{664E6F0D-6784-4760-9565-D54F8EB1EDF4}.Debug Static|x64.ActiveCfg = Debug MX|x64
		{664E6F0D-6784-4760-9565-D54F8EB1EDF4}.Debug Static|x64.Build.0 = Debug MX|x64
		{664E6F0D-6784-4760-9565-D54F8EB1EDF4}.Debug|Win32.ActiveCfg = Debug|Win32
		{664E6F0D-6784-4760-9565-D54F8EB1EDF4}.Debug|Win32.Build.0 = Debug|Win32
		{664E6F0D-6784-4760-9565-D54F8EB1EDF4}.Debug|x64.ActiveCfg = Debug|x64
		{664E6F0D-6784-4760-9565-D54F8EB1EDF4}.Debug|x64.Build.0 = Debug|x64
		{664E6F0D-6784-4760-9565-D54F8EB1EDF4}.DLL Debug|Win32.ActiveCfg = Debug|Win32
		{664E6F0D-6784-4760-9565-D54F8EB1EDF4}.DLL Debug|Win32.Build.0 = Debug|Win32
		{664E6F0D-6784-4760-9565-D54F8EB1EDF4}.DLL Debug|x64.ActiveCfg = Debug|x64
		{664E6F0D-6784-4760-9565-D54F8EB1EDF4}.DLL Debug|x64.Build.0 = Debug|x64
		{664E6F0D-6784-4760-9565-D54F8EB1EDF4}.DLL Release|Win32.ActiveCfg = Release|Win32
		{664E6F0D-6784-4760-9565-D54F8EB1EDF4}.DLL Release|Win32.Build.0 = Release|Win32
		{664E6F0D-6784-4760-9565-D54F8EB1EDF4}.DLL Release|x64.ActiveCfg = Release|x64
		{664E6F0D-6784-4760-9565-D54F8EB1EDF4}.DLL Release|x64.Build.0 = Release|x64
		{664E6F0D-6784-4760-9565-D54F8EB1EDF4}.DLL VB|Win32.ActiveCfg = Debug MX|Win32
		{664E6F0D-6784-4760-9565-D54F8EB1EDF4}.DLL VB|Win32.Build.0 = Debug MX|Win32
		{664E6F0D-6784-4760-9565-D54F8EB1EDF4}.DLL VB|x64.ActiveCfg = Debug MX|x64
		{664E6F0D-6784-4760-9565-D54F8EB1EDF4}.DLL VB|x64.Build.0 = Debug MX|x64
		{664E6F0D-6784-4760-9565-D54F8EB1EDF4}.LIB Debug|Win32.ActiveCfg = Debug|Win32
		{664E6F0D-6784-4760-9565-D54F8EB1EDF4}.LIB Debug|Win32.Build.0 = Debug|Win32
		{664E6F0D-6784-4760-9565-D54F8EB1EDF4}.LIB Debug|x64.ActiveCfg = Debug|x64
		{664E6F0D-6784-4760-9565-D54F8EB1EDF4}.LIB Debug|x64.Build.0 = Debug|x64
		{664E6F0D-6784-4760-9565-D54F8EB1EDF4}.LIB Release|Win32.ActiveCfg = Release|Win32
		{664E6F0D-6784-4760-9565-D54F8EB1EDF4}.LIB Release|Win32.Build.0 = Release|Win32
		{664E6F0D-6784-4760-9565-D54F8EB1EDF4}.LIB Release|x64.ActiveCfg = Release|x64
		{664E6F0D-6784-4760-9565-D54F8EB1EDF4}.LIB Release|x64.Build.0 = Release|x64
		{664E6F0D-6784-4760-9565-D54F8EB1EDF4}.MinSizeRel|Win32.ActiveCfg = Debug MX|Win32
		{664E6F0D-6784-4760-9565-D54F8EB1EDF4}.MinSizeRel|Win32.Build.0 = Debug MX|Win32
		{664E6F0D-6784-4760-9565-D54F8EB1EDF4}.MinSizeRel|x64.ActiveCfg = Debug MX|x64
		{664E6F0D-6784-4760-9565-D54F8EB1EDF4}.MinSizeRel|x64.Build.0 = Debug MX|x64
		{664E6F0D-6784-4760-9565-D54F8EB1EDF4}.Release Library|Win32.ActiveCfg = Release MX|Win32
		{664E6F0D-6784-4760-9565-D54F8EB1EDF4}.Release Library|Win32.Build.0 = Release MX|Win32
		{664E6F0D-6784-4760-9565-D54F8EB1EDF4}.Release Library|x64.ActiveCfg = Release MX|x64
		{664E6F0D-6784-4760-9565-D54F8EB1EDF4}.Release Library|x64.Build.0 = Release MX|x64
		{664E6F0D-6784-4760-9565-D54F8EB1EDF4}.Release Multithreaded|Win32.ActiveCfg = Release MX|Win32
		{664E6F0D-6784-4760-9565-D54F8EB1EDF4}.Release Multithreaded|Win32.Build.0 = Release MX|Win32
		{664E6F0D-6784-4760-9565-D54F8EB1EDF4}.Release Multithreaded|x64.ActiveCfg = Release MX|x64
		{664E6F0D-6784-4760-9565-D54F8EB1EDF4}.Release Multithreaded|x64.Build.0 = Release MX|x64
		{664E6F0D-6784-4760-9565-D54F8EB1EDF4}.Release MX|Win32.ActiveCfg = Release MX|Win32
		{664E6F0D-6784-4760-9565-D54F8EB1EDF4}.Release MX|Win32.Build.0 = Release MX|Win32
		{664E6F0D-6784-4760-9565-D54F8EB1EDF4}.Release MX|x64.ActiveCfg = Release MX|x64
		{664E6F0D-6784-4760-9565-D54F8EB1EDF4}.Release MX|x64.Build.0 = Release MX|x64
		{664E6F0D-6784-4760-9565-D54F8EB1EDF4}.Release Singlethreaded|Win32.ActiveCfg = Release MX|Win32
		{664E6F0D-6784-4760-9565-D54F8EB1EDF4}.Release Singlethreaded|Win32.Build.0 = Release MX|Win32
		{664E6F0D-6784-4760-9565-D54F8EB1EDF4}.Release Singlethreaded|x64.ActiveCfg = Release MX|x64
		{664E6F0D-6784-4760-9565-D54F8EB1EDF4}.Release Singlethreaded|x64.Build.0 = Release MX|x64
		{664E6F0D-6784-4760-9565-D54F8EB1EDF4}.Release Static|Win32.ActiveCfg = Release MX|Win32
		{664E6F0D-6784-4760-9565-D54F8EB1EDF4}.Release Static|Win32.Build.0 = Release MX|Win32
		{664E6F0D-6784-4760-9565-D54F8EB1EDF4}.Release Static|x64.ActiveCfg = Release MX|x64
		{664E6F0D-6784-4760-9565-D54F8EB1EDF4}.Release Static|x64.Build.0 = Release MX|x64
		{664E6F0D-6784-4760-9565-D54F8EB1EDF4}.Release|Win32.ActiveCfg = Release|Win32
		{664E6F0D-6784-4760-9565-D54F8EB1EDF4}.Release|Win32.Build.0 = Release|Win32
		{664E6F0D-6784-4760-9565-D54F8EB1EDF4}.Release|x64.ActiveCfg = Release|x64
		{664E6F0D-6784-4760-9565-D54F8EB1EDF4}.Release|x64.Build.0 = Release|x64
		{664E6F0D-6784-4760-9565-D54F8EB1EDF4}.ReleaseWithoutAsm|Win32.ActiveCfg = Release MX|Win32
		{664E6F0D-6784-4760-9565-D54F8EB1EDF4}.ReleaseWithoutAsm|Win32.Build.0 = Release MX|Win32
		{664E6F0D-6784-4760-9565-D54F8EB1EDF4}.ReleaseWithoutAsm|x64.ActiveCfg = Release MX|x64
		{664E6F0D-6784-4760-9565-D54F8EB1EDF4}.ReleaseWithoutAsm|x64.Build.0 = Release MX|x64
		{664E6F0D-6784-4760-9565-D54F8EB1EDF4}.RelWithDebInfo|Win32.ActiveCfg = Release MX|Win32
		{664E6F0D-6784-4760-9565-D54F8EB1EDF4}.RelWithDebInfo|Win32.Build.0 = Release MX|Win32
		{664E6F0D-6784-4760-9565-D54F8EB1EDF4}.RelWithDebInfo|x64.ActiveCfg = Release MX|x64
		{664E6F0D-6784-4760-9565-D54F8EB1EDF4}.RelWithDebInfo|x64.Build.0 = Release MX|x64
	EndGlobalSection
	GlobalSection(SolutionProperties) = preSolution
		HideSolutionNode = FALSE
	EndGlobalSection
	GlobalSection(NestedProjects) = preSolution
		{ECBF236B-CB9A-4491-9C8F-FB62E1A91EAA} = {CF006D02-7F78-4D32-9325-BA313DDAFCF5}
	EndGlobalSection
EndGlobal
